
Microsoft Visual Studio Solution File, Format Version 12.00
# Visual Studio Version 17
VisualStudioVersion = 17.3.32901.215
MinimumVisualStudioVersion = 10.0.40219.1
Project("{FAE04EC0-301F-11D3-BF4B-00C04F79EFBC}") = "ADODotNet", "ADODotNet\ADODotNet.csproj", "{52F91055-7C6B-4163-836F-A84A4ED0BBE5}"
EndProject
Global
	GlobalSection(SolutionConfigurationPlatforms) = preSolution
		Debug|Any CPU = Debug|Any CPU
		Release|Any CPU = Release|Any CPU
	EndGlobalSection
	GlobalSection(ProjectConfigurationPlatforms) = postSolution
		{52F91055-7C6B-4163-836F-A84A4ED0BBE5}.Debug|Any CPU.ActiveCfg = Debug|Any CPU
		{52F91055-7C6B-4163-836F-A84A4ED0BBE5}.Debug|Any CPU.Build.0 = Debug|Any CPU
		{52F91055-7C6B-4163-836F-A84A4ED0BBE5}.Release|Any CPU.ActiveCfg = Release|Any CPU
		{52F91055-7C6B-4163-836F-A84A4ED0BBE5}.Release|Any CPU.Build.0 = Release|Any CPU
	EndGlobalSection
	GlobalSection(SolutionProperties) = preSolution
		HideSolutionNode = FALSE
	EndGlobalSection
	GlobalSection(ExtensibilityGlobals) = postSolution
		SolutionGuid = {67C80D25-8D11-45AA-A892-12A79A5DE7BD}
	EndGlobalSection
EndGlobal
