
Microsoft Visual Studio Solution File, Format Version 12.00
# Visual Studio Version 17
VisualStudioVersion = 17.3.32901.215
MinimumVisualStudioVersion = 10.0.40219.1
Project("{FAE04EC0-301F-11D3-BF4B-00C04F79EFBC}") = "FirstApp", "FirstApp\FirstApp.csproj", "{6A1D8252-24C3-48B9-AB0A-8E42F6178105}"
EndProject
Global
	GlobalSection(SolutionConfigurationPlatforms) = preSolution
		Debug|Any CPU = Debug|Any CPU
		Release|Any CPU = Release|Any CPU
	EndGlobalSection
	GlobalSection(ProjectConfigurationPlatforms) = postSolution
		{6A1D8252-24C3-48B9-AB0A-8E42F6178105}.Debug|Any CPU.ActiveCfg = Debug|Any CPU
		{6A1D8252-24C3-48B9-AB0A-8E42F6178105}.Debug|Any CPU.Build.0 = Debug|Any CPU
		{6A1D8252-24C3-48B9-AB0A-8E42F6178105}.Release|Any CPU.ActiveCfg = Release|Any CPU
		{6A1D8252-24C3-48B9-AB0A-8E42F6178105}.Release|Any CPU.Build.0 = Release|Any CPU
	EndGlobalSection
	GlobalSection(SolutionProperties) = preSolution
		HideSolutionNode = FALSE
	EndGlobalSection
	GlobalSection(ExtensibilityGlobals) = postSolution
		SolutionGuid = {0F1FCFDB-C0DB-4458-9A43-3B9E11A92217}
	EndGlobalSection
EndGlobal
